{
  "name": "grafana-7.4.3",
  "version": "1.0.0",
  "lockfileVersion": 1,
  "requires": true,
  "dependencies": {
    "@csii/vx-clay": {
      "version": "4.9.0",
      "resolved": "http://registry.npm.csii.com.cn/@csii/vx-clay/download/@csii/vx-clay-4.9.0.tgz",
      "integrity": "sha1-FQPcAqWJ+RpdxcHKzj3XCBs6KxY=",
      "requires": {
        "@hai2007/algorithm": "^0.7.1"
      }
    },
    "@hai2007/algorithm": {
      "version": "0.7.3",
      "resolved": "https://registry.npmmirror.com/@hai2007/algorithm/download/@hai2007/algorithm-0.7.3.tgz",
      "integrity": "sha512-VCBG2OS3MxBLfMq6Vhq5HOP1Oy3RyCD+SNT4OLzr6EWdf2KuepLtYgVVWsSJfnaFTy3P8gmLP251yICTk/pPDg==",
      "requires": {
        "@hai2007/tool": "^0.9.1"
      }
    },
    "@hai2007/tool": {
      "version": "0.9.3",
      "resolved": "https://registry.npmmirror.com/@hai2007/tool/download/@hai2007/tool-0.9.3.tgz",
      "integrity": "sha1-r3r3s/4jqnAEtu66Fioe7jde8GA="
    }
  }
}
